{
  "nodes": {
    "apple-fonts": {
      "inputs": {
        "ci": "ci",
        "nixpkgs": [
          "nixpkgs"
        ],
        "ny": "ny",
        "sf-arabic": "sf-arabic",
        "sf-armenian": "sf-armenian",
        "sf-compact": "sf-compact",
        "sf-georgian": "sf-georgian",
        "sf-hebrew": "sf-hebrew",
        "sf-mono": "sf-mono",
        "sf-pro": "sf-pro"
      },
      "locked": {
        "lastModified": 1787373040,
        "narHash": "sha256-mSpL69LSAA/+cQx+v9tC2XC/DD7cUepUmhiMx0/Hw64=",
        "owner": "Lyndeno",
        "repo": "apple-fonts.nix",
        "rev": "69f20e9ba294420e4b6407a827c6b5aea3afcc12",
        "type": "github"
      },
      "original": {
        "owner": "Lyndeno",
        "repo": "apple-fonts.nix",
        "type": "github"
      }
    },
    "blueprint": {
      "inputs": {
        "nixpkgs": [
          "apple-fonts",
          "ci",
          "nixpkgs"
        ],
        "systems": [
          "apple-fonts",
          "ci"
        ]
      },
      "locked": {
        "lastModified": 1776249299,
        "narHash": "sha256-Dt9t1TGRmJFc0xVYhttNBD6QsAgHOHCArqGa0AyjrJY=",
        "owner": "numtide",
        "repo": "blueprint",
        "rev": "56131e8628f173d24a27f6d27c0215eff57e40dd",
        "type": "github"
      },
      "original": {
        "owner": "numtide",
        "repo": "blueprint",
        "type": "github"
      }
    },
    "ci": {
      "inputs": {
        "blueprint": "blueprint",
        "nixpkgs": [
          "apple-fonts",
          "nixpkgs"
        ]
      },
      "locked": {
        "lastModified": 1779849193,
        "narHash": "sha256-Bc80n+fA3NtxqYHWcdb1XFuYLaV+yX2xnvDRnwAv4ak=",
        "owner": "Lyndeno",
        "repo": "ci",
        "rev": "38cfa6f01bdaf91bc4ce44176b322bab2bb208a0",
        "type": "github"
      },
      "original": {
        "owner": "Lyndeno",
        "repo": "ci",
        "type": "github"
      }
    },
    "flake-compat": {
      "flake": false,
      "locked": {
        "lastModified": 1767039857,
        "narHash": "sha256-vNpUSpF5Nuw8xvDLj2KCwwksIbjua2LZCqhV1LNRDns=",
        "owner": "nixos",
        "repo": "flake-compat",
        "rev": "5edf11c44bc78a0d334f6334cdaf7d60d732daab",
        "type": "github"
      },
      "original": {
        "owner": "nixos",
        "repo": "flake-compat",
        "type": "github"
      }
    },
    "flake-file": {
      "locked": {
        "lastModified": 1785282747,
        "narHash": "sha256-ZwdMXUu0Udb4yzI65+psyJeUF+wexByNEvTUSx1xjVs=",
        "owner": "vic",
        "repo": "flake-file",
        "rev": "56c46842d70754345c4a4581b8cbebe87b8fc067",
        "type": "github"
      },
      "original": {
        "owner": "vic",
        "repo": "flake-file",
        "type": "github"
      }
    },
    "flake-parts": {
      "inputs": {
        "nixpkgs-lib": [
          "nixpkgs"
        ]
      },
      "locked": {
        "lastModified": 1787559586,
        "narHash": "sha256-onL0VLf9vPllmT0H/OlURIU5r5t5WIEl7t4tVNKT0Nw=",
        "owner": "hercules-ci",
        "repo": "flake-parts",
        "rev": "9d0d87172c374f89da73c1cfe6d81ae62feac1f1",
        "type": "github"
      },
      "original": {
        "owner": "hercules-ci",
        "repo": "flake-parts",
        "type": "github"
      }
    },
    "gitignore": {
      "inputs": {
        "nixpkgs": [
          "system-manager",
          "userborn",
          "pre-commit-hooks-nix",
          "nixpkgs"
        ]
      },
      "locked": {
        "lastModified": 1709087332,
        "narHash": "sha256-HG2cCnktfHsKV0s4XW83gU3F57gaTljL9KNSuG6bnQs=",
        "owner": "hercules-ci",
        "repo": "gitignore.nix",
        "rev": "637db329424fd7e46cf4185293b9cc8c88c95394",
        "type": "github"
      },
      "original": {
        "owner": "hercules-ci",
        "repo": "gitignore.nix",
        "type": "github"
      }
    },
    "home-manager": {
      "inputs": {
        "nixpkgs": [
          "nixpkgs"
        ]
      },
      "locked": {
        "lastModified": 1787715947,
        "narHash": "sha256-jT6g5aWwA6TrIUJhqQ9ssm8W5e8vAl2Bv8gddEKKVNU=",
        "owner": "nix-community",
        "repo": "home-manager",
        "rev": "7690127e7e1c90ab1dcaff525d0dafbeb7e14182",
        "type": "github"
      },
      "original": {
        "owner": "nix-community",
        "repo": "home-manager",
        "type": "github"
      }
    },
    "import-tree": {
      "locked": {
        "lastModified": 1784254960,
        "narHash": "sha256-iI88R3wHz8wTKQb5orvpc51L/Xr64AJyxid/0MKa/b8=",
        "owner": "denful",
        "repo": "import-tree",
        "rev": "4ebb10ae17d5f1ad366e7aef5b92cb8eecf24f69",
        "type": "github"
      },
      "original": {
        "owner": "denful",
        "repo": "import-tree",
        "type": "github"
      }
    },
    "jetbrains-plugins": {
      "inputs": {
        "flake-compat": [
          "flake-compat"
        ],
        "nixpkgs": [
          "nixpkgs"
        ],
        "systems": [
          "systems"
        ]
      },
      "locked": {
        "lastModified": 1787391692,
        "narHash": "sha256-qWfOfgPq4lZsXZiHkzglH7Ndm5Y3ksIGfKBKBXC20ak=",
        "owner": "nix-community",
        "repo": "nix-jetbrains-plugins",
        "rev": "6c3be1180b287e1d825b9fb360e77b4a7c7296b5",
        "type": "github"
      },
      "original": {
        "owner": "nix-community",
        "repo": "nix-jetbrains-plugins",
        "type": "github"
      }
    },
    "nixpkgs": {
      "locked": {
        "lastModified": 1787498568,
        "narHash": "sha256-9i/VTdusq/+NM/tz+J1Re+ojkMB8MBf0QshnYfzHz30=",
        "owner": "nixos",
        "repo": "nixpkgs",
        "rev": "56c02bc00adcf003215cc4bd996d6efaf4cff188",
        "type": "github"
      },
      "original": {
        "owner": "nixos",
        "ref": "nixos-unstable",
        "repo": "nixpkgs",
        "type": "github"
      }
    },
    "noctalia": {
      "inputs": {
        "nixpkgs": [
          "nixpkgs"
        ]
      },
      "locked": {
        "lastModified": 1788154427,
        "narHash": "sha256-nCzmnj3rk60iznPMoDBg09b3wsDzEoGAjQj81QlsUTo=",
        "owner": "noctalia-dev",
        "repo": "noctalia",
        "rev": "bee126157205f9e686e4f3f98d2cc3be1c1bf252",
        "type": "github"
      },
      "original": {
        "owner": "noctalia-dev",
        "repo": "noctalia",
        "type": "github"
      }
    },
    "nur": {
      "inputs": {
        "flake-parts": [
          "flake-parts"
        ],
        "nixpkgs": [
          "nixpkgs"
        ]
      },
      "locked": {
        "lastModified": 1787746584,
        "narHash": "sha256-gRW/OZQBDlDsSCguy4LwE0RRmxIw5xT3vq9X+382kuU=",
        "owner": "nix-community",
        "repo": "nur",
        "rev": "a2d9c516469fe03620e1de06047ee7209ae1e990",
        "type": "github"
      },
      "original": {
        "owner": "nix-community",
        "repo": "nur",
        "type": "github"
      }
    },
    "ny": {
      "flake": false,
      "locked": {
        "narHash": "sha256-3257NAH4qlan2YHVLpNRy7x8IJqR2pal3OzFo/ykqXs=",
        "type": "file",
        "url": "https://devimages-cdn.apple.com/design/resources/download/NY.dmg"
      },
      "original": {
        "type": "file",
        "url": "https://devimages-cdn.apple.com/design/resources/download/NY.dmg"
      }
    },
    "pre-commit-hooks-nix": {
      "inputs": {
        "flake-compat": [
          "system-manager",
          "userborn",
          "flake-compat"
        ],
        "gitignore": "gitignore",
        "nixpkgs": [
          "system-manager",
          "userborn",
          "nixpkgs"
        ]
      },
      "locked": {
        "lastModified": 1769069492,
        "narHash": "sha256-Efs3VUPelRduf3PpfPP2ovEB4CXT7vHf8W+xc49RL/U=",
        "owner": "cachix",
        "repo": "pre-commit-hooks.nix",
        "rev": "a1ef738813b15cf8ec759bdff5761b027e3e1d23",
        "type": "github"
      },
      "original": {
        "owner": "cachix",
        "repo": "pre-commit-hooks.nix",
        "type": "github"
      }
    },
    "root": {
      "inputs": {
        "apple-fonts": "apple-fonts",
        "flake-compat": "flake-compat",
        "flake-file": "flake-file",
        "flake-parts": "flake-parts",
        "home-manager": "home-manager",
        "import-tree": "import-tree",
        "jetbrains-plugins": "jetbrains-plugins",
        "nixpkgs": "nixpkgs",
        "noctalia": "noctalia",
        "nur": "nur",
        "system-graphics": "system-graphics",
        "system-manager": "system-manager",
        "systems": "systems"
      }
    },
    "sf-arabic": {
      "flake": false,
      "locked": {
        "narHash": "sha256-/0gjRimqvZyE60xYxxPdlU+7Q2LJnnvtbmwOP0YmS9U=",
        "type": "file",
        "url": "https://devimages-cdn.apple.com/design/resources/download/SF-Arabic.dmg"
      },
      "original": {
        "type": "file",
        "url": "https://devimages-cdn.apple.com/design/resources/download/SF-Arabic.dmg"
      }
    },
    "sf-armenian": {
      "flake": false,
      "locked": {
        "narHash": "sha256-rRoDkbNMYkzOHZmQm96Zv80TZvRlAeoxkv4pMHP5nUg=",
        "type": "file",
        "url": "https://devimages-cdn.apple.com/design/resources/download/SF-Armenian.dmg"
      },
      "original": {
        "type": "file",
        "url": "https://devimages-cdn.apple.com/design/resources/download/SF-Armenian.dmg"
      }
    },
    "sf-compact": {
      "flake": false,
      "locked": {
        "narHash": "sha256-83JwqfF9O4+gemMQXWHLRg2GNz2jHxsej1F1IkM2dug=",
        "type": "file",
        "url": "https://devimages-cdn.apple.com/design/resources/download/SF-Compact.dmg"
      },
      "original": {
        "type": "file",
        "url": "https://devimages-cdn.apple.com/design/resources/download/SF-Compact.dmg"
      }
    },
    "sf-georgian": {
      "flake": false,
      "locked": {
        "narHash": "sha256-IevVNOC28IiR45YfI3PsZzXLMRxuB5u7UiE53Zn6tRU=",
        "type": "file",
        "url": "https://devimages-cdn.apple.com/design/resources/download/SF-Georgian.dmg"
      },
      "original": {
        "type": "file",
        "url": "https://devimages-cdn.apple.com/design/resources/download/SF-Georgian.dmg"
      }
    },
    "sf-hebrew": {
      "flake": false,
      "locked": {
        "narHash": "sha256-Dw84kYwMpCtKKKqm8cZcQ9TZ7GayU5MO7W0LJw0Rcwk=",
        "type": "file",
        "url": "https://devimages-cdn.apple.com/design/resources/download/SF-Hebrew.dmg"
      },
      "original": {
        "type": "file",
        "url": "https://devimages-cdn.apple.com/design/resources/download/SF-Hebrew.dmg"
      }
    },
    "sf-mono": {
      "flake": false,
      "locked": {
        "narHash": "sha256-ICdHRFdNL7PM/fXJUzS7LgZxZiqcyIuCMHLze4En4vg=",
        "type": "file",
        "url": "https://devimages-cdn.apple.com/design/resources/download/SF-Mono.dmg"
      },
      "original": {
        "type": "file",
        "url": "https://devimages-cdn.apple.com/design/resources/download/SF-Mono.dmg"
      }
    },
    "sf-pro": {
      "flake": false,
      "locked": {
        "narHash": "sha256-vINUEMyFmNzZRBOX2aQ4heScWur6RyA/MPmsqlMPIx4=",
        "type": "file",
        "url": "https://devimages-cdn.apple.com/design/resources/download/SF-Pro.dmg"
      },
      "original": {
        "type": "file",
        "url": "https://devimages-cdn.apple.com/design/resources/download/SF-Pro.dmg"
      }
    },
    "system-graphics": {
      "inputs": {
        "nixpkgs": [
          "nixpkgs"
        ]
      },
      "locked": {
        "lastModified": 1763296639,
        "narHash": "sha256-K9JBscC7ApwCnl0wR0sVkxrKFsoDYVqXN5fOujvyBWA=",
        "owner": "soupglasses",
        "repo": "nix-system-graphics",
        "rev": "ac37f0f3ec0cb15d63a520918433c794d01d9dac",
        "type": "github"
      },
      "original": {
        "owner": "soupglasses",
        "repo": "nix-system-graphics",
        "type": "github"
      }
    },
    "system-manager": {
      "inputs": {
        "flake-compat": [
          "flake-compat"
        ],
        "nixpkgs": [
          "nixpkgs"
        ],
        "userborn": "userborn"
      },
      "locked": {
        "lastModified": 1786747314,
        "narHash": "sha256-L8GneKBeYOStPrLUAypI8bDGNjntcH2AngxSig/ul8c=",
        "owner": "numtide",
        "repo": "system-manager",
        "rev": "64748b62d6ae74c069234103ce368626bcad8c70",
        "type": "github"
      },
      "original": {
        "owner": "numtide",
        "repo": "system-manager",
        "type": "github"
      }
    },
    "systems": {
      "locked": {
        "lastModified": 1681028828,
        "narHash": "sha256-Vy1rq5AaRuLzOxct8nz4T6wlgyUR7zLU309k9mBC768=",
        "owner": "nix-systems",
        "repo": "default",
        "rev": "da67096a3b9bf56a91d16901293e51ba5b49a27e",
        "type": "github"
      },
      "original": {
        "owner": "nix-systems",
        "repo": "default",
        "type": "github"
      }
    },
    "userborn": {
      "inputs": {
        "flake-compat": [
          "system-manager",
          "flake-compat"
        ],
        "flake-parts": [
          "flake-parts"
        ],
        "nixpkgs": [
          "system-manager",
          "nixpkgs"
        ],
        "pre-commit-hooks-nix": "pre-commit-hooks-nix",
        "systems": [
          "systems"
        ]
      },
      "locked": {
        "lastModified": 1770377964,
        "narHash": "sha256-q2pnlX2IW0kg80GLFnwWd/GigIpkuZnyKPLhrgJql3E=",
        "owner": "jfroche",
        "repo": "userborn",
        "rev": "55c2cd7952c207a62736a5bbd9499ea73da18d24",
        "type": "github"
      },
      "original": {
        "owner": "jfroche",
        "ref": "system-manager",
        "repo": "userborn",
        "type": "github"
      }
    }
  },
  "root": "root",
  "version": 7
}
